{
  "version": 4,
  "terraform_version": "1.14.8",
  "serial": 147,
  "lineage": "194fcc2b-3d8e-2c55-3967-e6c85108bf5a",
  "outputs": {},
  "resources": [
    {
      "module": "module.ansible",
      "mode": "managed",
      "type": "ansible_playbook",
      "name": "Helm_Prometheus_Grafana",
      "provider": "provider[\"registry.terraform.io/ansible/ansible\"]",
      "instances": [
        {
          "schema_version": 0,
          "attributes": {
            "ansible_playbook_binary": "ansible-playbook",
            "ansible_playbook_stderr": "",
            "ansible_playbook_stdout": "\nPLAY [localhost] ***************************************************************\n\nTASK [Gathering Facts] *********************************************************\nok: [localhost]\n\nTASK [Adding stable chart for Prometheus and Grafana] **************************\nok: [localhost]\n\nTASK [Prometheus + Grafana deploy by HELM] *************************************\nok: [localhost]\n\nPLAY RECAP *********************************************************************\nlocalhost                  : ok=3    changed=0    unreachable=0    failed=0    skipped=0    rescued=0    ignored=0   \n\n",
            "args": [
              "-e",
              "hostname=Prometheus_Grafana",
              "-e",
              "values_files='../helm/prometheus/values.yaml'",
              "-e",
              "kubernetes_context='minikube'",
              "-e",
              "observability_namespace='monitoring'",
              "module/ansible/playbooks/prometheus_grafana.yml"
            ],
            "check_mode": false,
            "diff_mode": false,
            "extra_vars": {
              "kubernetes_context": "minikube",
              "observability_namespace": "monitoring",
              "values_files": "../helm/prometheus/values.yaml"
            },
            "force_handlers": false,
            "groups": null,
            "id": "2026-07-08 09:15:27.108731 +0200 CEST m=+0.042631084",
            "ignore_playbook_failure": false,
            "limit": null,
            "name": "Prometheus_Grafana",
            "playbook": "module/ansible/playbooks/prometheus_grafana.yml",
            "replayable": true,
            "tags": null,
            "temp_inventory_file": "",
            "timeouts": null,
            "var_files": null,
            "vault_files": null,
            "vault_id": null,
            "vault_password_file": null,
            "verbosity": 0
          },
          "sensitive_attributes": [],
          "identity_schema_version": 0,
          "private": "eyJlMmJmYjczMC1lY2FhLTExZTYtOGY4OC0zNDM2M2JjN2M0YzAiOnsiY3JlYXRlIjozNjAwMDAwMDAwMDAwfX0=",
          "dependencies": [
            "module.kubernetes.kubernetes_namespace_v1.ingress_namespace",
            "module.kubernetes.kubernetes_namespace_v1.observability_namespace",
            "module.kubernetes.kubernetes_secret_v1.grafana-admin"
          ]
        }
      ]
    },
    {
      "module": "module.ansible",
      "mode": "managed",
      "type": "ansible_playbook",
      "name": "Nginx_Ingress",
      "provider": "provider[\"registry.terraform.io/ansible/ansible\"]",
      "instances": [
        {
          "schema_version": 0,
          "attributes": {
            "ansible_playbook_binary": "ansible-playbook",
            "ansible_playbook_stderr": "",
            "ansible_playbook_stdout": "\nPLAY [localhost] ***************************************************************\n\nTASK [Gathering Facts] *********************************************************\nok: [localhost]\n\nTASK [Adding stable chart for Nginx-Ingress] ***********************************\nok: [localhost]\n\nTASK [Nginx-Ingress deploy by HELM] ********************************************\nchanged: [localhost]\n\nPLAY RECAP *********************************************************************\nlocalhost                  : ok=3    changed=1    unreachable=0    failed=0    skipped=0    rescued=0    ignored=0   \n\n",
            "args": [
              "-e",
              "hostname=Nginx_Ingress",
              "-e",
              "values_files='../helm/nginx-ingress/values.yaml'",
              "-e",
              "kubernetes_context='minikube'",
              "-e",
              "ingress_namespace='ingress'",
              "module/ansible/playbooks/nginx_ingress.yml"
            ],
            "check_mode": false,
            "diff_mode": false,
            "extra_vars": {
              "ingress_namespace": "ingress",
              "kubernetes_context": "minikube",
              "values_files": "../helm/nginx-ingress/values.yaml"
            },
            "force_handlers": false,
            "groups": null,
            "id": "2026-07-08 09:15:27.108841 +0200 CEST m=+0.042741167",
            "ignore_playbook_failure": false,
            "limit": null,
            "name": "Nginx_Ingress",
            "playbook": "module/ansible/playbooks/nginx_ingress.yml",
            "replayable": true,
            "tags": null,
            "temp_inventory_file": "",
            "timeouts": null,
            "var_files": null,
            "vault_files": null,
            "vault_id": null,
            "vault_password_file": null,
            "verbosity": 0
          },
          "sensitive_attributes": [],
          "identity_schema_version": 0,
          "private": "eyJlMmJmYjczMC1lY2FhLTExZTYtOGY4OC0zNDM2M2JjN2M0YzAiOnsiY3JlYXRlIjozNjAwMDAwMDAwMDAwfX0=",
          "dependencies": [
            "module.kubernetes.kubernetes_namespace_v1.ingress_namespace",
            "module.kubernetes.kubernetes_namespace_v1.observability_namespace",
            "module.kubernetes.kubernetes_secret_v1.grafana-admin"
          ]
        }
      ]
    },
    {
      "module": "module.kubernetes",
      "mode": "managed",
      "type": "kubernetes_namespace_v1",
      "name": "ingress_namespace",
      "provider": "module.kubernetes.provider[\"registry.terraform.io/hashicorp/kubernetes\"]",
      "instances": [
        {
          "schema_version": 0,
          "attributes": {
            "id": "ingress",
            "metadata": [
              {
                "annotations": {},
                "generate_name": "",
                "generation": 0,
                "labels": {},
                "name": "ingress",
                "resource_version": "99455",
                "uid": "d8186fac-f42f-4e9b-892e-afaf9f6a87d1"
              }
            ],
            "timeouts": null,
            "wait_for_default_service_account": false
          },
          "sensitive_attributes": [],
          "identity_schema_version": 1,
          "identity": {
            "api_version": "v1",
            "kind": "Namespace",
            "name": "ingress"
          },
          "private": "eyJlMmJmYjczMC1lY2FhLTExZTYtOGY4OC0zNDM2M2JjN2M0YzAiOnsiZGVsZXRlIjozMDAwMDAwMDAwMDB9fQ=="
        }
      ]
    },
    {
      "module": "module.kubernetes",
      "mode": "managed",
      "type": "kubernetes_namespace_v1",
      "name": "observability_namespace",
      "provider": "module.kubernetes.provider[\"registry.terraform.io/hashicorp/kubernetes\"]",
      "instances": [
        {
          "schema_version": 0,
          "attributes": {
            "id": "monitoring",
            "metadata": [
              {
                "annotations": {},
                "generate_name": "",
                "generation": 0,
                "labels": {},
                "name": "monitoring",
                "resource_version": "94864",
                "uid": "b004057f-7c4d-407a-97d2-5e53711bbac8"
              }
            ],
            "timeouts": null,
            "wait_for_default_service_account": false
          },
          "sensitive_attributes": [],
          "identity_schema_version": 1,
          "identity": {
            "api_version": "v1",
            "kind": "Namespace",
            "name": "monitoring"
          },
          "private": "eyJlMmJmYjczMC1lY2FhLTExZTYtOGY4OC0zNDM2M2JjN2M0YzAiOnsiZGVsZXRlIjozMDAwMDAwMDAwMDB9fQ=="
        }
      ]
    },
    {
      "module": "module.kubernetes",
      "mode": "managed",
      "type": "kubernetes_secret_v1",
      "name": "grafana-admin",
      "provider": "module.kubernetes.provider[\"registry.terraform.io/hashicorp/kubernetes\"]",
      "instances": [
        {
          "schema_version": 0,
          "attributes": {
            "binary_data": null,
            "binary_data_wo": null,
            "binary_data_wo_revision": null,
            "data": {
              "admin-password": "yes",
              "admin-user": "admin"
            },
            "data_wo": null,
            "data_wo_revision": null,
            "id": "monitoring/grafana-admin",
            "immutable": false,
            "metadata": [
              {
                "annotations": {},
                "generate_name": "",
                "generation": 0,
                "labels": {},
                "name": "grafana-admin",
                "namespace": "monitoring",
                "resource_version": "94867",
                "uid": "3c4df456-35aa-49e8-adf5-eedff66f890e"
              }
            ],
            "timeouts": null,
            "type": "Opaque",
            "wait_for_service_account_token": true
          },
          "sensitive_attributes": [
            [
              {
                "type": "get_attr",
                "value": "binary_data"
              }
            ],
            [
              {
                "type": "get_attr",
                "value": "data"
              }
            ],
            [
              {
                "type": "get_attr",
                "value": "data"
              },
              {
                "type": "index",
                "value": {
                  "value": "admin-password",
                  "type": "string"
                }
              }
            ]
          ],
          "identity_schema_version": 1,
          "identity": {
            "api_version": "v1",
            "kind": "Secret",
            "name": "grafana-admin",
            "namespace": "monitoring"
          },
          "private": "eyJlMmJmYjczMC1lY2FhLTExZTYtOGY4OC0zNDM2M2JjN2M0YzAiOnsiY3JlYXRlIjo2MDAwMDAwMDAwMH19"
        }
      ]
    }
  ],
  "check_results": null
}
